{
  "lockfileVersion": 1,
  "workspaces": {
    "": {
      "name": "grapesjs-start-with-bun",
      "dependencies": {
        "grapesjs": "^0.21.7",
      },
      "devDependencies": {
        "@types/bun": "latest",
      },
    },
  },
  "packages": {
    "@types/backbone": ["@types/backbone@1.4.15", "", { "dependencies": { "@types/jquery": "*", "@types/underscore": "*" } }, "sha512-WWeKtYlsIMtDyLbbhkb96taJMEbfQBnuz7yw1u0pkphCOtksemoWhIXhK74VRCY9hbjnsH3rsJu2uUiFtnsEYg=="],

    "@types/bun": ["@types/bun@1.2.21", "", { "dependencies": { "bun-types": "1.2.21" } }, "sha512-NiDnvEqmbfQ6dmZ3EeUO577s4P5bf4HCTXtI6trMc6f6RzirY5IrF3aIookuSpyslFzrnvv2lmEWv5HyC1X79A=="],

    "@types/jquery": ["@types/jquery@3.5.33", "", { "dependencies": { "@types/sizzle": "*" } }, "sha512-SeyVJXlCZpEki5F0ghuYe+L+PprQta6nRZqhONt9F13dWBtR/ftoaIbdRQ7cis7womE+X2LKhsDdDtkkDhJS6g=="],

    "@types/node": ["@types/node@24.3.1", "", { "dependencies": { "undici-types": "~7.10.0" } }, "sha512-3vXmQDXy+woz+gnrTvuvNrPzekOi+Ds0ReMxw0LzBiK3a+1k0kQn9f2NWk+lgD4rJehFUmYy2gMhJ2ZI+7YP9g=="],

    "@types/react": ["@types/react@19.1.12", "", { "dependencies": { "csstype": "^3.0.2" } }, "sha512-cMoR+FoAf/Jyq6+Df2/Z41jISvGZZ2eTlnsaJRptmZ76Caldwy1odD4xTr/gNV9VLj0AWgg/nmkevIyUfIIq5w=="],

    "@types/sizzle": ["@types/sizzle@2.3.10", "", {}, "sha512-TC0dmN0K8YcWEAEfiPi5gJP14eJe30TTGjkvek3iM/1NdHHsdCA/Td6GvNndMOo/iSnIsZ4HuuhrYPDAmbxzww=="],

    "@types/underscore": ["@types/underscore@1.13.0", "", {}, "sha512-L6LBgy1f0EFQZ+7uSA57+n2g/s4Qs5r06Vwrwn0/nuK1de+adz00NWaztRQ30aEqw5qOaWbPI8u2cGQ52lj6VA=="],

    "backbone": ["backbone@1.4.1", "", { "dependencies": { "underscore": ">=1.8.3" } }, "sha512-ADy1ztN074YkWbHi8ojJVFe3vAanO/lrzMGZWUClIP7oDD/Pjy2vrASraUP+2EVCfIiTtCW4FChVow01XneivA=="],

    "backbone-undo": ["backbone-undo@0.2.6", "", { "dependencies": { "backbone": ">=1.0.0", "underscore": ">=1.4.4" } }, "sha512-AsfpNiljLXlk7TcffDUu3EAUq7CxWbyTNwARWrql5XTzN4vh6WzEEBZYaKK4kTTz+iW1tSzqUooaGRIwO83kWA=="],

    "bun-types": ["bun-types@1.2.21", "", { "dependencies": { "@types/node": "*" }, "peerDependencies": { "@types/react": "^19" } }, "sha512-sa2Tj77Ijc/NTLS0/Odjq/qngmEPZfbfnOERi0KRUYhT9R8M4VBioWVmMWE5GrYbKMc+5lVybXygLdibHaqVqw=="],

    "codemirror": ["codemirror@5.63.0", "", {}, "sha512-KlLWRPggDg2rBD1Mx7/EqEhaBdy+ybBCVh/efgjBDsPpMeEu6MbTAJzIT4TuCzvmbTEgvKOGzVT6wdBTNusqrg=="],

    "codemirror-formatting": ["codemirror-formatting@1.0.0", "", {}, "sha512-br9yM6eJI3pJHekEnoyHaBEb1B7XxxDjju+vRyBe8QGLp5saTIXXkZ+eFCTqXSAtI8QEZDFVEX2/SOjH2sVWRQ=="],

    "csstype": ["csstype@3.1.3", "", {}, "sha512-M1uQkMl8rQK/szD0LNhtqxIPLpimGm8sOBwU7lLnCpSbTyY3yeU1Vc7l4KT5zT4s/yOxHH5O7tIuuLOCnLADRw=="],

    "grapesjs": ["grapesjs@0.21.13", "", { "dependencies": { "@types/backbone": "1.4.15", "backbone": "1.4.1", "backbone-undo": "0.2.6", "codemirror": "5.63.0", "codemirror-formatting": "1.0.0", "promise-polyfill": "8.1.3", "underscore": "1.13.1" } }, "sha512-Qfl2kL7DV9kX+ihUUgAM2LtzkFUmZQYrMLol6/uENCkUE2ndB/Ebtf5UUx7UXWT3txDs4UiWIojYCvmmxTv4XA=="],

    "promise-polyfill": ["promise-polyfill@8.1.3", "", {}, "sha512-MG5r82wBzh7pSKDRa9y+vllNHz3e3d4CNj1PQE4BQYxLme0gKYYBm9YENq+UkEikyZ0XbiGWxYlVw3Rl9O/U8g=="],

    "underscore": ["underscore@1.13.1", "", {}, "sha512-hzSoAVtJF+3ZtiFX0VgfFPHEDRm7Y/QPjGyNo4TVdnDTdft3tr8hEkD25a1jC+TjTuE7tkHGKkhwCgs9dgBB2g=="],

    "undici-types": ["undici-types@7.10.0", "", {}, "sha512-t5Fy/nfn+14LuOc2KNYg75vZqClpAiqscVvMygNnlsHBFpSXdJaYtXMcdNLpl/Qvc3P2cB3s6lOV51nqsFq4ag=="],
  }
}
